{
  "name": "infected-project-lock",
  "version": "0.0.0",
  "lockfileVersion": 3,
  "requires": true,
  "packages": {
    "": {
      "name": "infected-project-lock",
      "version": "0.0.0"
    },
    "node_modules/@ctrl/tinycolor": {
      "version": "4.1.2"
    }
  },
  "dependencies": {
    "@ctrl/tinycolor": {
      "version": "4.1.2"
    }
  }
}
